
Microsoft Visual Studio Solution File, Format Version 12.00
# Visual Studio Version 17
VisualStudioVersion = 17.3.32804.467
MinimumVisualStudioVersion = 10.0.40219.1
Project("{FAE04EC0-301F-11D3-BF4B-00C04F79EFBC}") = "MusicIOT.Android", "MusicIOT\MusicIOT.Android\MusicIOT.Android.csproj", "{4FC8665C-199E-4CE7-A005-C8985A073768}"
EndProject
Project("{FAE04EC0-301F-11D3-BF4B-00C04F79EFBC}") = "MusicIOT", "MusicIOT\MusicIOT\MusicIOT.csproj", "{D08C0E23-5275-44E2-B154-56D328E5E797}"
EndProject
Global
	GlobalSection(SolutionConfigurationPlatforms) = preSolution
		Debug|Any CPU = Debug|Any CPU
		Release|Any CPU = Release|Any CPU
	EndGlobalSection
	GlobalSection(ProjectConfigurationPlatforms) = postSolution
		{4FC8665C-199E-4CE7-A005-C8985A073768}.Debug|Any CPU.ActiveCfg = Debug|Any CPU
		{4FC8665C-199E-4CE7-A005-C8985A073768}.Debug|Any CPU.Build.0 = Debug|Any CPU
		{4FC8665C-199E-4CE7-A005-C8985A073768}.Debug|Any CPU.Deploy.0 = Debug|Any CPU
		{4FC8665C-199E-4CE7-A005-C8985A073768}.Release|Any CPU.ActiveCfg = Release|Any CPU
		{4FC8665C-199E-4CE7-A005-C8985A073768}.Release|Any CPU.Build.0 = Release|Any CPU
		{4FC8665C-199E-4CE7-A005-C8985A073768}.Release|Any CPU.Deploy.0 = Release|Any CPU
		{D08C0E23-5275-44E2-B154-56D328E5E797}.Debug|Any CPU.ActiveCfg = Debug|Any CPU
		{D08C0E23-5275-44E2-B154-56D328E5E797}.Debug|Any CPU.Build.0 = Debug|Any CPU
		{D08C0E23-5275-44E2-B154-56D328E5E797}.Debug|Any CPU.Deploy.0 = Debug|Any CPU
		{D08C0E23-5275-44E2-B154-56D328E5E797}.Release|Any CPU.ActiveCfg = Release|Any CPU
		{D08C0E23-5275-44E2-B154-56D328E5E797}.Release|Any CPU.Build.0 = Release|Any CPU
		{D08C0E23-5275-44E2-B154-56D328E5E797}.Release|Any CPU.Deploy.0 = Release|Any CPU
	EndGlobalSection
	GlobalSection(SolutionProperties) = preSolution
		HideSolutionNode = FALSE
	EndGlobalSection
	GlobalSection(ExtensibilityGlobals) = postSolution
		SolutionGuid = {918F0527-C9D2-476F-9EA6-A22053BB3D8D}
	EndGlobalSection
EndGlobal
